{
  "name": "gld-readfile",
  "lockfileVersion": 3,
  "requires": true,
  "packages": {
    "": {
      "dependencies": {
        "@gld5000-cli/readline": "^1.0.6"
      }
    },
    "node_modules/@gld5000-cli/readline": {
      "version": "1.0.6",
      "resolved": "https://registry.npmjs.org/@gld5000-cli/readline/-/readline-1.0.6.tgz",
      "integrity": "sha512-q4ygsgCgrvJvVuIEl9R5Gynb6AV0cmcCzeLl1aJMLQbJcdZJ3xwq0WXEbAKQ9ISTsG+PQvF73HA4k4fsRrcpNQ==",
      "license": "MIT"
    }
  }
}
